{
    "_readme": [
        "This file locks the dependencies of your project to a known state",
        "Read more about it at https://getcomposer.org/doc/01-basic-usage.md#composer-lock-the-lock-file",
        "This file is @generated automatically"
    ],
    "content-hash": "031372caf97cdd30e1830db172cc6e64",
    "packages": [
        {
            "name": "chriskacerguis/codeigniter-restserver",
            "version": "3.0.3",
            "source": {
                "type": "git",
                "url": "https://github.com/chriskacerguis/codeigniter-restserver.git",
                "reference": "3a5ba0dffdebd24cc215ef714b72208c88304203"
            },
            "dist": {
                "type": "zip",
                "url": "https://api.github.com/repos/chriskacerguis/codeigniter-restserver/zipball/3a5ba0dffdebd24cc215ef714b72208c88304203",
                "reference": "3a5ba0dffdebd24cc215ef714b72208c88304203",
                "shasum": ""
            },
            "require": {
                "codeigniter/framework": "^3.0.4",
                "php": ">=5.4.0"
            },
            "type": "library",
            "autoload": {
                "classmap": [
                    "application/libraries/Format.php",
                    "application/libraries/REST_Controller.php"
                ]
            },
            "notification-url": "https://packagist.org/downloads/",
            "license": [
                "MIT"
            ],
            "authors": [
                {
                    "name": "Chris Kacerguis",
                    "role": "Developer"
                }
            ],
            "description": "REST Server for the CodeIgniter framework",
            "homepage": "https://github.com/chriskacerguis/codeigniter-restserver",
            "time": "2017-09-23T16:44:55+00:00"
        },
        {
            "name": "codeigniter/framework",
            "version": "3.1.6",
            "source": {
                "type": "git",
                "url": "https://github.com/bcit-ci/CodeIgniter.git",
                "reference": "7e4f63cd4b792e7dc2dc4b8b0183a6072a3f9462"
            },
            "dist": {
                "type": "zip",
                "url": "https://api.github.com/repos/bcit-ci/CodeIgniter/zipball/7e4f63cd4b792e7dc2dc4b8b0183a6072a3f9462",
                "reference": "7e4f63cd4b792e7dc2dc4b8b0183a6072a3f9462",
                "shasum": ""
            },
            "require": {
                "php": ">=5.3.7"
            },
            "require-dev": {
                "mikey179/vfsstream": "1.1.*",
                "phpunit/phpunit": "4.* || 5.*"
            },
            "suggest": {
                "paragonie/random_compat": "Provides better randomness in PHP 5.x"
            },
            "type": "project",
            "notification-url": "https://packagist.org/downloads/",
            "license": [
                "MIT"
            ],
            "description": "The CodeIgniter framework",
            "homepage": "https://codeigniter.com",
            "time": "2017-09-25T16:43:58+00:00"
        }
    ],
    "packages-dev": [],
    "aliases": [],
    "minimum-stability": "stable",
    "stability-flags": [],
    "prefer-stable": false,
    "prefer-lowest": false,
    "platform": [],
    "platform-dev": []
}
